// !$*UTF8*$!
{
	archiveVersion = 1;
	classes = {
	};
	objectVersion = 46;
	objects = {

/* Begin PBXBuildFile section */
		5F9260A11A07EA7A00C195E4 /* main.m in Sources */ = {isa = PBXBuildFile; fileRef = 5F9260A01A07EA7A00C195E4 /* main.m */; };
		5F9260A41A07EA7A00C195E4 /* AppDelegate.m in Sources */ = {isa = PBXBuildFile; fileRef = 5F9260A31A07EA7A00C195E4 /* AppDelegate.m */; };
		5F9260A71A07EA7A00C195E4 /* PasswordKeeper.xcdatamodeld in Sources */ = {isa = PBXBuildFile; fileRef = 5F9260A51A07EA7A00C195E4 /* PasswordKeeper.xcdatamodeld */; };
		5F9260AA1A07EA7A00C195E4 /* ViewController.m in Sources */ = {isa = PBXBuildFile; fileRef = 5F9260A91A07EA7A00C195E4 /* ViewController.m */; };
		5F9260AD1A07EA7A00C195E4 /* Main.storyboard in Resources */ = {isa = PBXBuildFile; fileRef = 5F9260AB1A07EA7A00C195E4 /* Main.storyboard */; };
		5F9260AF1A07EA7A00C195E4 /* Images.xcassets in Resources */ = {isa = PBXBuildFile; fileRef = 5F9260AE1A07EA7A00C195E4 /* Images.xcassets */; };
		5F9260B21A07EA7A00C195E4 /* LaunchScreen.xib in Resources */ = {isa = PBXBuildFile; fileRef = 5F9260B01A07EA7A00C195E4 /* LaunchScreen.xib */; };
		5F9260BE1A07EA7A00C195E4 /* PasswordKeeperTests.m in Sources */ = {isa = PBXBuildFile; fileRef = 5F9260BD1A07EA7A00C195E4 /* PasswordKeeperTests.m */; };
/* End PBXBuildFile section */

/* Begin PBXContainerItemProxy section */
		5F9260B81A07EA7A00C195E4 /* PBXContainerItemProxy */ = {
			isa = PBXContainerItemProxy;
			containerPortal = 5F9260931A07EA7A00C195E4 /* Project object */;
			proxyType = 1;
			remoteGlobalIDString = 5F92609A1A07EA7A00C195E4;
			remoteInfo = PasswordKeeper;
		};
/* End PBXContainerItemProxy section */

/* Begin PBXFileReference section */
		5F92609B1A07EA7A00C195E4 /* PasswordKeeper.app */ = {isa = PBXFileReference; explicitFileType = wrapper.application; includeInIndex = 0; path = PasswordKeeper.app; sourceTree = BUILT_PRODUCTS_DIR; };
		5F92609F1A07EA7A00C195E4 /* Info.plist */ = {isa = PBXFileReference; lastKnownFileType = text.plist.xml; path = Info.plist; sourceTree = "<group>"; };
		5F9260A01A07EA7A00C195E4 /* main.m */ = {isa = PBXFileReference; lastKnownFileType = sourcecode.c.objc; path = main.m; sourceTree = "<group>"; };
		5F9260A21A07EA7A00C195E4 /* AppDelegate.h */ = {isa = PBXFileReference; lastKnownFileType = sourcecode.c.h; path = AppDelegate.h; sourceTree = "<group>"; };
		5F9260A31A07EA7A00C195E4 /* AppDelegate.m */ = {isa = PBXFileReference; lastKnownFileType = sourcecode.c.objc; path = AppDelegate.m; sourceTree = "<group>"; };
		5F9260A61A07EA7A00C195E4 /* PasswordKeeper.xcdatamodel */ = {isa = PBXFileReference; lastKnownFileType = wrapper.xcdatamodel; path = PasswordKeeper.xcdatamodel; sourceTree = "<group>"; };
		5F9260A81A07EA7A00C195E4 /* ViewController.h */ = {isa = PBXFileReference; lastKnownFileType = sourcecode.c.h; path = ViewController.h; sourceTree = "<group>"; };
		5F9260A91A07EA7A00C195E4 /* ViewController.m */ = {isa = PBXFileReference; lastKnownFileType = sourcecode.c.objc; path = ViewController.m; sourceTree = "<group>"; };
		5F9260AC1A07EA7A00C195E4 /* Base */ = {isa = PBXFileReference; lastKnownFileType = file.storyboard; name = Base; path = Base.lproj/Main.storyboard; sourceTree = "<group>"; };
		5F9260AE1A07EA7A00C195E4 /* Images.xcassets */ = {isa = PBXFileReference; lastKnownFileType = folder.assetcatalog; path = Images.xcassets; sourceTree = "<group>"; };
		5F9260B11A07EA7A00C195E4 /* Base */ = {isa = PBXFileReference; lastKnownFileType = file.xib; name = Base; path = Base.lproj/LaunchScreen.xib; sourceTree = "<group>"; };
		5F9260B71A07EA7A00C195E4 /* PasswordKeeperTests.xctest */ = {isa = PBXFileReference; explicitFileType = wrapper.cfbundle; includeInIndex = 0; path = PasswordKeeperTests.xctest; sourceTree = BUILT_PRODUCTS_DIR; };
		5F9260BC1A07EA7A00C195E4 /* Info.plist */ = {isa = PBXFileReference; lastKnownFileType = text.plist.xml; path = Info.plist; sourceTree = "<group>"; };
		5F9260BD1A07EA7A00C195E4 /* PasswordKeeperTests.m */ = {isa = PBXFileReference; lastKnownFileType = sourcecode.c.objc; path = PasswordKeeperTests.m; sourceTree = "<group>"; };
/* End PBXFileReference section */

/* Begin PBXFrameworksBuildPhase section */
		5F9260981A07EA7A00C195E4 /* Frameworks */ = {
			isa = PBXFrameworksBuildPhase;
			buildActionMask = 2147483647;
			files = (
			);
			runOnlyForDeploymentPostprocessing = 0;
		};
		5F9260B41A07EA7A00C195E4 /* Frameworks */ = {
			isa = PBXFrameworksBuildPhase;
			buildActionMask = 2147483647;
			files = (
			);
			runOnlyForDeploymentPostprocessing = 0;
		};
/* End PBXFrameworksBuildPhase section */

/* Begin PBXGroup section */
		5F9260921A07EA7A00C195E4 = {
			isa = PBXGroup;
			children = (
				5F92609D1A07EA7A00C195E4 /* PasswordKeeper */,
				5F9260BA1A07EA7A00C195E4 /* PasswordKeeperTests */,
				5F92609C1A07EA7A00C195E4 /* Products */,
			);
			sourceTree = "<group>";
		};
		5F92609C1A07EA7A00C195E4 /* Products */ = {
			isa = PBXGroup;
			children = (
				5F92609B1A07EA7A00C195E4 /* PasswordKeeper.app */,
				5F9260B71A07EA7A00C195E4 /* PasswordKeeperTests.xctest */,
			);
			name = Products;
			sourceTree = "<group>";
		};
		5F92609D1A07EA7A00C195E4 /* PasswordKeeper */ = {
			isa = PBXGroup;
			children = (
				5F9260A21A07EA7A00C195E4 /* AppDelegate.h */,
				5F9260A31A07EA7A00C195E4 /* AppDelegate.m */,
				5F9260A81A07EA7A00C195E4 /* ViewController.h */,
				5F9260A91A07EA7A00C195E4 /* ViewController.m */,
				5F9260AB1A07EA7A00C195E4 /* Main.storyboard */,
				5F9260AE1A07EA7A00C195E4 /* Images.xcassets */,
				5F9260B01A07EA7A00C195E4 /* LaunchScreen.xib */,
				5F9260A51A07EA7A00C195E4 /* PasswordKeeper.xcdatamodeld */,
				5F92609E1A07EA7A00C195E4 /* Supporting Files */,
			);
			path = PasswordKeeper;
			sourceTree = "<group>";
		};
		5F92609E1A07EA7A00C195E4 /* Supporting Files */ = {
			isa = PBXGroup;
			children = (
				5F92609F1A07EA7A00C195E4 /* Info.plist */,
				5F9260A01A07EA7A00C195E4 /* main.m */,
			);
			name = "Supporting Files";
			sourceTree = "<group>";
		};
		5F9260BA1A07EA7A00C195E4 /* PasswordKeeperTests */ = {
			isa = PBXGroup;
			children = (
				5F9260BD1A07EA7A00C195E4 /* PasswordKeeperTests.m */,
				5F9260BB1A07EA7A00C195E4 /* Supporting Files */,
			);
			path = PasswordKeeperTests;
			sourceTree = "<group>";
		};
		5F9260BB1A07EA7A00C195E4 /* Supporting Files */ = {
			isa = PBXGroup;
			children = (
				5F9260BC1A07EA7A00C195E4 /* Info.plist */,
			);
			name = "Supporting Files";
			sourceTree = "<group>";
		};
/* End PBXGroup section */

/* Begin PBXNativeTarget section */
		5F92609A1A07EA7A00C195E4 /* PasswordKeeper */ = {
			isa = PBXNativeTarget;
			buildConfigurationList = 5F9260C11A07EA7A00C195E4 /* Build configuration list for PBXNativeTarget "PasswordKeeper" */;
			buildPhases = (
				5F9260971A07EA7A00C195E4 /* Sources */,
				5F9260981A07EA7A00C195E4 /* Frameworks */,
				5F9260991A07EA7A00C195E4 /* Resources */,
			);
			buildRules = (
			);
			dependencies = (
			);
			name = PasswordKeeper;
			productName = PasswordKeeper;
			productReference = 5F92609B1A07EA7A00C195E4 /* PasswordKeeper.app */;
			productType = "com.apple.product-type.application";
		};
		5F9260B61A07EA7A00C195E4 /* PasswordKeeperTests */ = {
			isa = PBXNativeTarget;
			buildConfigurationList = 5F9260C41A07EA7A00C195E4 /* Build configuration list for PBXNativeTarget "PasswordKeeperTests" */;
			buildPhases = (
				5F9260B31A07EA7A00C195E4 /* Sources */,
				5F9260B41A07EA7A00C195E4 /* Frameworks */,
				5F9260B51A07EA7A00C195E4 /* Resources */,
			);
			buildRules = (
			);
			dependencies = (
				5F9260B91A07EA7A00C195E4 /* PBXTargetDependency */,
			);
			name = PasswordKeeperTests;
			productName = PasswordKeeperTests;
			productReference = 5F9260B71A07EA7A00C195E4 /* PasswordKeeperTests.xctest */;
			productType = "com.apple.product-type.bundle.unit-test";
		};
/* End PBXNativeTarget section */

/* Begin PBXProject section */
		5F9260931A07EA7A00C195E4 /* Project object */ = {
			isa = PBXProject;
			attributes = {
				LastUpgradeCheck = 0610;
				ORGANIZATIONNAME = "LIU LI";
				TargetAttributes = {
					5F92609A1A07EA7A00C195E4 = {
						CreatedOnToolsVersion = 6.1;
					};
					5F9260B61A07EA7A00C195E4 = {
						CreatedOnToolsVersion = 6.1;
						TestTargetID = 5F92609A1A07EA7A00C195E4;
					};
				};
			};
			buildConfigurationList = 5F9260961A07EA7A00C195E4 /* Build configuration list for PBXProject "PasswordKeeper" */;
			compatibilityVersion = "Xcode 3.2";
			developmentRegion = English;
			hasScannedForEncodings = 0;
			knownRegions = (
				en,
				Base,
			);
			mainGroup = 5F9260921A07EA7A00C195E4;
			productRefGroup = 5F92609C1A07EA7A00C195E4 /* Products */;
			projectDirPath = "";
			projectRoot = "";
			targets = (
				5F92609A1A07EA7A00C195E4 /* PasswordKeeper */,
				5F9260B61A07EA7A00C195E4 /* PasswordKeeperTests */,
			);
		};
/* End PBXProject section */

/* Begin PBXResourcesBuildPhase section */
		5F9260991A07EA7A00C195E4 /* Resources */ = {
			isa = PBXResourcesBuildPhase;
			buildActionMask = 2147483647;
			files = (
				5F9260AD1A07EA7A00C195E4 /* Main.storyboard in Resources */,
				5F9260B21A07EA7A00C195E4 /* LaunchScreen.xib in Resources */,
				5F9260AF1A07EA7A00C195E4 /* Images.xcassets in Resources */,
			);
			runOnlyForDeploymentPostprocessing = 0;
		};
		5F9260B51A07EA7A00C195E4 /* Resources */ = {
			isa = PBXResourcesBuildPhase;
			buildActionMask = 2147483647;
			files = (
			);
			runOnlyForDeploymentPostprocessing = 0;
		};
/* End PBXResourcesBuildPhase section */

/* Begin PBXSourcesBuildPhase section */
		5F9260971A07EA7A00C195E4 /* Sources */ = {
			isa = PBXSourcesBuildPhase;
			buildActionMask = 2147483647;
			files = (
				5F9260A41A07EA7A00C195E4 /* AppDelegate.m in Sources */,
				5F9260A11A07EA7A00C195E4 /* main.m in Sources */,
				5F9260AA1A07EA7A00C195E4 /* ViewController.m in Sources */,
				5F9260A71A07EA7A00C195E4 /* PasswordKeeper.xcdatamodeld in Sources */,
			);
			runOnlyForDeploymentPostprocessing = 0;
		};
		5F9260B31A07EA7A00C195E4 /* Sources */ = {
			isa = PBXSourcesBuildPhase;
			buildActionMask = 2147483647;
			files = (
				5F9260BE1A07EA7A00C195E4 /* PasswordKeeperTests.m in Sources */,
			);
			runOnlyForDeploymentPostprocessing = 0;
		};
/* End PBXSourcesBuildPhase section */

/* Begin PBXTargetDependency section */
		5F9260B91A07EA7A00C195E4 /* PBXTargetDependency */ = {
			isa = PBXTargetDependency;
			target = 5F92609A1A07EA7A00C195E4 /* PasswordKeeper */;
			targetProxy = 5F9260B81A07EA7A00C195E4 /* PBXContainerItemProxy */;
		};
/* End PBXTargetDependency section */

/* Begin PBXVariantGroup section */
		5F9260AB1A07EA7A00C195E4 /* Main.storyboard */ = {
			isa = PBXVariantGroup;
			children = (
				5F9260AC1A07EA7A00C195E4 /* Base */,
			);
			name = Main.storyboard;
			sourceTree = "<group>";
		};
		5F9260B01A07EA7A00C195E4 /* LaunchScreen.xib */ = {
			isa = PBXVariantGroup;
			children = (
				5F9260B11A07EA7A00C195E4 /* Base */,
			);
			name = LaunchScreen.xib;
			sourceTree = "<group>";
		};
/* End PBXVariantGroup section */

/* Begin XCBuildConfiguration section */
		5F9260BF1A07EA7A00C195E4 /* Debug */ = {
			isa = XCBuildConfiguration;
			buildSettings = {
				ALWAYS_SEARCH_USER_PATHS = NO;
				CLANG_CXX_LANGUAGE_STANDARD = "gnu++0x";
				CLANG_CXX_LIBRARY = "libc++";
				CLANG_ENABLE_MODULES = YES;
				CLANG_ENABLE_OBJC_ARC = YES;
				CLANG_WARN_BOOL_CONVERSION = YES;
				CLANG_WARN_CONSTANT_CONVERSION = YES;
				CLANG_WARN_DIRECT_OBJC_ISA_USAGE = YES_ERROR;
				CLANG_WARN_EMPTY_BODY = YES;
				CLANG_WARN_ENUM_CONVERSION = YES;
				CLANG_WARN_INT_CONVERSION = YES;
				CLANG_WARN_OBJC_ROOT_CLASS = YES_ERROR;
				CLANG_WARN_UNREACHABLE_CODE = YES;
				CLANG_WARN__DUPLICATE_METHOD_MATCH = YES;
				"CODE_SIGN_IDENTITY[sdk=iphoneos*]" = "iPhone Developer";
				COPY_PHASE_STRIP = NO;
				ENABLE_STRICT_OBJC_MSGSEND = YES;
				GCC_C_LANGUAGE_STANDARD = gnu99;
				GCC_DYNAMIC_NO_PIC = NO;
				GCC_OPTIMIZATION_LEVEL = 0;
				GCC_PREPROCESSOR_DEFINITIONS = (
					"DEBUG=1",
					"$(inherited)",
				);
				GCC_SYMBOLS_PRIVATE_EXTERN = NO;
				GCC_WARN_64_TO_32_BIT_CONVERSION = YES;
				GCC_WARN_ABOUT_RETURN_TYPE = YES_ERROR;
				GCC_WARN_UNDECLARED_SELECTOR = YES;
				GCC_WARN_UNINITIALIZED_AUTOS = YES_AGGRESSIVE;
				GCC_WARN_UNUSED_FUNCTION = YES;
				GCC_WARN_UNUSED_VARIABLE = YES;
				IPHONEOS_DEPLOYMENT_TARGET = 8.1;
				MTL_ENABLE_DEBUG_INFO = YES;
				ONLY_ACTIVE_ARCH = YES;
				SDKROOT = iphoneos;
			};
			name = Debug;
		};
		5F9260C01A07EA7A00C195E4 /* Release */ = {
			isa = XCBuildConfiguration;
			buildSettings = {
				ALWAYS_SEARCH_USER_PATHS = NO;
				CLANG_CXX_LANGUAGE_STANDARD = "gnu++0x";
				CLANG_CXX_LIBRARY = "libc++";
				CLANG_ENABLE_MODULES = YES;
				CLANG_ENABLE_OBJC_ARC = YES;
				CLANG_WARN_BOOL_CONVERSION = YES;
				CLANG_WARN_CONSTANT_CONVERSION = YES;
				CLANG_WARN_DIRECT_OBJC_ISA_USAGE = YES_ERROR;
				CLANG_WARN_EMPTY_BODY = YES;
				CLANG_WARN_ENUM_CONVERSION = YES;
				CLANG_WARN_INT_CONVERSION = YES;
				CLANG_WARN_OBJC_ROOT_CLASS = YES_ERROR;
				CLANG_WARN_UNREACHABLE_CODE = YES;
				CLANG_WARN__DUPLICATE_METHOD_MATCH = YES;
				"CODE_SIGN_IDENTITY[sdk=iphoneos*]" = "iPhone Developer";
				COPY_PHASE_STRIP = YES;
				ENABLE_NS_ASSERTIONS = NO;
				ENABLE_STRICT_OBJC_MSGSEND = YES;
				GCC_C_LANGUAGE_STANDARD = gnu99;
				GCC_WARN_64_TO_32_BIT_CONVERSION = YES;
				GCC_WARN_ABOUT_RETURN_TYPE = YES_ERROR;
				GCC_WARN_UNDECLARED_SELECTOR = YES;
				GCC_WARN_UNINITIALIZED_AUTOS = YES_AGGRESSIVE;
				GCC_WARN_UNUSED_FUNCTION = YES;
				GCC_WARN_UNUSED_VARIABLE = YES;
				IPHONEOS_DEPLOYMENT_TARGET = 8.1;
				MTL_ENABLE_DEBUG_INFO = NO;
				SDKROOT = iphoneos;
				VALIDATE_PRODUCT = YES;
			};
			name = Release;
		};
		5F9260C21A07EA7A00C195E4 /* Debug */ = {
			isa = XCBuildConfiguration;
			buildSettings = {
				ASSETCATALOG_COMPILER_APPICON_NAME = AppIcon;
				INFOPLIST_FILE = PasswordKeeper/Info.plist;
				LD_RUNPATH_SEARCH_PATHS = "$(inherited) @executable_path/Frameworks";
				PRODUCT_NAME = "$(TARGET_NAME)";
			};
			name = Debug;
		};
		5F9260C31A07EA7A00C195E4 /* Release */ = {
			isa = XCBuildConfiguration;
			buildSettings = {
				ASSETCATALOG_COMPILER_APPICON_NAME = AppIcon;
				INFOPLIST_FILE = PasswordKeeper/Info.plist;
				LD_RUNPATH_SEARCH_PATHS = "$(inherited) @executable_path/Frameworks";
				PRODUCT_NAME = "$(TARGET_NAME)";
			};
			name = Release;
		};
		5F9260C51A07EA7A00C195E4 /* Debug */ = {
			isa = XCBuildConfiguration;
			buildSettings = {
				BUNDLE_LOADER = "$(TEST_HOST)";
				FRAMEWORK_SEARCH_PATHS = (
					"$(SDKROOT)/Developer/Library/Frameworks",
					"$(inherited)",
				);
				GCC_PREPROCESSOR_DEFINITIONS = (
					"DEBUG=1",
					"$(inherited)",
				);
				INFOPLIST_FILE = PasswordKeeperTests/Info.plist;
				LD_RUNPATH_SEARCH_PATHS = "$(inherited) @executable_path/Frameworks @loader_path/Frameworks";
				PRODUCT_NAME = "$(TARGET_NAME)";
				TEST_HOST = "$(BUILT_PRODUCTS_DIR)/PasswordKeeper.app/PasswordKeeper";
			};
			name = Debug;
		};
		5F9260C61A07EA7A00C195E4 /* Release */ = {
			isa = XCBuildConfiguration;
			buildSettings = {
				BUNDLE_LOADER = "$(TEST_HOST)";
				FRAMEWORK_SEARCH_PATHS = (
					"$(SDKROOT)/Developer/Library/Frameworks",
					"$(inherited)",
				);
				INFOPLIST_FILE = PasswordKeeperTests/Info.plist;
				LD_RUNPATH_SEARCH_PATHS = "$(inherited) @executable_path/Frameworks @loader_path/Frameworks";
				PRODUCT_NAME = "$(TARGET_NAME)";
				TEST_HOST = "$(BUILT_PRODUCTS_DIR)/PasswordKeeper.app/PasswordKeeper";
			};
			name = Release;
		};
/* End XCBuildConfiguration section */

/* Begin XCConfigurationList section */
		5F9260961A07EA7A00C195E4 /* Build configuration list for PBXProject "PasswordKeeper" */ = {
			isa = XCConfigurationList;
			buildConfigurations = (
				5F9260BF1A07EA7A00C195E4 /* Debug */,
				5F9260C01A07EA7A00C195E4 /* Release */,
			);
			defaultConfigurationIsVisible = 0;
			defaultConfigurationName = Release;
		};
		5F9260C11A07EA7A00C195E4 /* Build configuration list for PBXNativeTarget "PasswordKeeper" */ = {
			isa = XCConfigurationList;
			buildConfigurations = (
				5F9260C21A07EA7A00C195E4 /* Debug */,
				5F9260C31A07EA7A00C195E4 /* Release */,
			);
			defaultConfigurationIsVisible = 0;
		};
		5F9260C41A07EA7A00C195E4 /* Build configuration list for PBXNativeTarget "PasswordKeeperTests" */ = {
			isa = XCConfigurationList;
			buildConfigurations = (
				5F9260C51A07EA7A00C195E4 /* Debug */,
				5F9260C61A07EA7A00C195E4 /* Release */,
			);
			defaultConfigurationIsVisible = 0;
		};
/* End XCConfigurationList section */

/* Begin XCVersionGroup section */
		5F9260A51A07EA7A00C195E4 /* PasswordKeeper.xcdatamodeld */ = {
			isa = XCVersionGroup;
			children = (
				5F9260A61A07EA7A00C195E4 /* PasswordKeeper.xcdatamodel */,
			);
			currentVersion = 5F9260A61A07EA7A00C195E4 /* PasswordKeeper.xcdatamodel */;
			path = PasswordKeeper.xcdatamodeld;
			sourceTree = "<group>";
			versionGroupType = wrapper.xcdatamodel;
		};
/* End XCVersionGroup section */
	};
	rootObject = 5F9260931A07EA7A00C195E4 /* Project object */;
}
